
Microsoft Visual Studio Solution File, Format Version 12.00
# Visual Studio 2012
Project("{FAE04EC0-301F-11D3-BF4B-00C04F79EFBC}") = "DownloadRSS", "DownloadRSS\DownloadRSS.csproj", "{2FB7EC1D-5228-491E-A81B-8042C4F3849D}"
EndProject
Global
	GlobalSection(SolutionConfigurationPlatforms) = preSolution
		Debug|Any CPU = Debug|Any CPU
		Release|Any CPU = Release|Any CPU
	EndGlobalSection
	GlobalSection(ProjectConfigurationPlatforms) = postSolution
		{2FB7EC1D-5228-491E-A81B-8042C4F3849D}.Debug|Any CPU.ActiveCfg = Debug|Any CPU
		{2FB7EC1D-5228-491E-A81B-8042C4F3849D}.Debug|Any CPU.Build.0 = Debug|Any CPU
		{2FB7EC1D-5228-491E-A81B-8042C4F3849D}.Release|Any CPU.ActiveCfg = Release|Any CPU
		{2FB7EC1D-5228-491E-A81B-8042C4F3849D}.Release|Any CPU.Build.0 = Release|Any CPU
	EndGlobalSection
	GlobalSection(SolutionProperties) = preSolution
		HideSolutionNode = FALSE
	EndGlobalSection
	GlobalSection(ExtensibilityGlobals) = postSolution
		VisualSVNWorkingCopyRoot = .
	EndGlobalSection
EndGlobal
